// !$*UTF8*$!
{
	archiveVersion = 1;
	classes = {
	};
	objectVersion = 55;
	objects = {

/* Begin PBXBuildFile section */
		DC05425D287555C300286169 /* CheckmarkButton.swift in Sources */ = {isa = PBXBuildFile; fileRef = DC05425C287555C300286169 /* CheckmarkButton.swift */; };
		DC4E36362874936E0078F9A3 /* ItemModel.swift in Sources */ = {isa = PBXBuildFile; fileRef = DC4E36352874936E0078F9A3 /* ItemModel.swift */; };
		DC4E3638287502190078F9A3 /* HomeViewModel.swift in Sources */ = {isa = PBXBuildFile; fileRef = DC4E3637287502190078F9A3 /* HomeViewModel.swift */; };
		DC51E26D2875E85400C1800D /* AddGroceryView.swift in Sources */ = {isa = PBXBuildFile; fileRef = DC51E26C2875E85400C1800D /* AddGroceryView.swift */; };
		DC51E272287604FA00C1800D /* Introspect in Frameworks */ = {isa = PBXBuildFile; productRef = DC51E271287604FA00C1800D /* Introspect */; };
		DC8210AD28739A5500EB5A97 /* GroceriesApp.swift in Sources */ = {isa = PBXBuildFile; fileRef = DC8210AC28739A5500EB5A97 /* GroceriesApp.swift */; };
		DC8210AF28739A5500EB5A97 /* HomeView.swift in Sources */ = {isa = PBXBuildFile; fileRef = DC8210AE28739A5500EB5A97 /* HomeView.swift */; };
		DC8210B128739A5A00EB5A97 /* Assets.xcassets in Resources */ = {isa = PBXBuildFile; fileRef = DC8210B028739A5A00EB5A97 /* Assets.xcassets */; };
		DC8210B428739A5A00EB5A97 /* Preview Assets.xcassets in Resources */ = {isa = PBXBuildFile; fileRef = DC8210B328739A5A00EB5A97 /* Preview Assets.xcassets */; };
		DC8210BE28739A5A00EB5A97 /* GroceriesTests.swift in Sources */ = {isa = PBXBuildFile; fileRef = DC8210BD28739A5A00EB5A97 /* GroceriesTests.swift */; };
		DC8210C828739A5A00EB5A97 /* GroceriesUITests.swift in Sources */ = {isa = PBXBuildFile; fileRef = DC8210C728739A5A00EB5A97 /* GroceriesUITests.swift */; };
		DC8210CA28739A5A00EB5A97 /* GroceriesUITestsLaunchTests.swift in Sources */ = {isa = PBXBuildFile; fileRef = DC8210C928739A5A00EB5A97 /* GroceriesUITestsLaunchTests.swift */; };
		DC8210D728739CFB00EB5A97 /* GoogleService-Info.plist in Resources */ = {isa = PBXBuildFile; fileRef = DC8210D628739CFB00EB5A97 /* GoogleService-Info.plist */; };
		DC8210D828739CFB00EB5A97 /* GoogleService-Info.plist in Resources */ = {isa = PBXBuildFile; fileRef = DC8210D628739CFB00EB5A97 /* GoogleService-Info.plist */; };
		DC8210D928739CFB00EB5A97 /* GoogleService-Info.plist in Resources */ = {isa = PBXBuildFile; fileRef = DC8210D628739CFB00EB5A97 /* GoogleService-Info.plist */; };
		DC8210DC28739DBA00EB5A97 /* FirebaseAuth in Frameworks */ = {isa = PBXBuildFile; productRef = DC8210DB28739DBA00EB5A97 /* FirebaseAuth */; };
		DC8210DE28739DBA00EB5A97 /* FirebaseDatabase in Frameworks */ = {isa = PBXBuildFile; productRef = DC8210DD28739DBA00EB5A97 /* FirebaseDatabase */; };
		DC8210E028739DBA00EB5A97 /* FirebaseDatabaseSwift in Frameworks */ = {isa = PBXBuildFile; productRef = DC8210DF28739DBA00EB5A97 /* FirebaseDatabaseSwift */; };
		DC8210E228739DBA00EB5A97 /* FirebaseFirestore in Frameworks */ = {isa = PBXBuildFile; productRef = DC8210E128739DBA00EB5A97 /* FirebaseFirestore */; };
		DC8210E428739DBA00EB5A97 /* FirebaseFirestoreCombine-Community in Frameworks */ = {isa = PBXBuildFile; productRef = DC8210E328739DBA00EB5A97 /* FirebaseFirestoreCombine-Community */; };
		DC8210E628739DBA00EB5A97 /* FirebaseFirestoreSwift in Frameworks */ = {isa = PBXBuildFile; productRef = DC8210E528739DBA00EB5A97 /* FirebaseFirestoreSwift */; };
		DC8210E828739E2C00EB5A97 /* FirebaseExtension.swift in Sources */ = {isa = PBXBuildFile; fileRef = DC8210E728739E2C00EB5A97 /* FirebaseExtension.swift */; };
		DC8210E928739E2C00EB5A97 /* FirebaseExtension.swift in Sources */ = {isa = PBXBuildFile; fileRef = DC8210E728739E2C00EB5A97 /* FirebaseExtension.swift */; };
		DC8210EA28739E2C00EB5A97 /* FirebaseExtension.swift in Sources */ = {isa = PBXBuildFile; fileRef = DC8210E728739E2C00EB5A97 /* FirebaseExtension.swift */; };
		DCA91C132876B764008F25BE /* Assets.xcassets in Resources */ = {isa = PBXBuildFile; fileRef = DCA91C122876B764008F25BE /* Assets.xcassets */; };
		DCA91C192876B764008F25BE /* WatchGroceries WatchKit Extension.appex in Embed App Extensions */ = {isa = PBXBuildFile; fileRef = DCA91C182876B764008F25BE /* WatchGroceries WatchKit Extension.appex */; settings = {ATTRIBUTES = (RemoveHeadersOnCopy, ); }; };
		DCA91C1E2876B764008F25BE /* GroceriesApp.swift in Sources */ = {isa = PBXBuildFile; fileRef = DCA91C1D2876B764008F25BE /* GroceriesApp.swift */; };
		DCA91C202876B764008F25BE /* MainWatchView.swift in Sources */ = {isa = PBXBuildFile; fileRef = DCA91C1F2876B764008F25BE /* MainWatchView.swift */; };
		DCA91C222876B764008F25BE /* NotificationController.swift in Sources */ = {isa = PBXBuildFile; fileRef = DCA91C212876B764008F25BE /* NotificationController.swift */; };
		DCA91C242876B764008F25BE /* NotificationView.swift in Sources */ = {isa = PBXBuildFile; fileRef = DCA91C232876B764008F25BE /* NotificationView.swift */; };
		DCA91C262876B764008F25BE /* ComplicationController.swift in Sources */ = {isa = PBXBuildFile; fileRef = DCA91C252876B764008F25BE /* ComplicationController.swift */; };
		DCA91C282876B766008F25BE /* Assets.xcassets in Resources */ = {isa = PBXBuildFile; fileRef = DCA91C272876B766008F25BE /* Assets.xcassets */; };
		DCA91C2B2876B766008F25BE /* Preview Assets.xcassets in Resources */ = {isa = PBXBuildFile; fileRef = DCA91C2A2876B766008F25BE /* Preview Assets.xcassets */; };
		DCA91C302876B766008F25BE /* WatchGroceries.app in Embed Watch Content */ = {isa = PBXBuildFile; fileRef = DCA91C102876B762008F25BE /* WatchGroceries.app */; settings = {ATTRIBUTES = (RemoveHeadersOnCopy, ); }; };
		DCA91C3B2876B7D5008F25BE /* FirebaseAuth in Frameworks */ = {isa = PBXBuildFile; productRef = DCA91C3A2876B7D5008F25BE /* FirebaseAuth */; };
		DCA91C3D2876B7D5008F25BE /* FirebaseDatabase in Frameworks */ = {isa = PBXBuildFile; productRef = DCA91C3C2876B7D5008F25BE /* FirebaseDatabase */; };
		DCA91C3F2876B7D5008F25BE /* FirebaseDatabaseSwift in Frameworks */ = {isa = PBXBuildFile; productRef = DCA91C3E2876B7D5008F25BE /* FirebaseDatabaseSwift */; };
		DCA91C422876B83F008F25BE /* FirebaseAuth in Frameworks */ = {isa = PBXBuildFile; productRef = DCA91C412876B83F008F25BE /* FirebaseAuth */; };
		DCA91C442876B843008F25BE /* FirebaseDatabase in Frameworks */ = {isa = PBXBuildFile; productRef = DCA91C432876B843008F25BE /* FirebaseDatabase */; };
		DCA91C462876B846008F25BE /* FirebaseDatabaseSwift in Frameworks */ = {isa = PBXBuildFile; productRef = DCA91C452876B846008F25BE /* FirebaseDatabaseSwift */; };
		DCA91C472876B8FD008F25BE /* GoogleService-Info.plist in Resources */ = {isa = PBXBuildFile; fileRef = DC8210D628739CFB00EB5A97 /* GoogleService-Info.plist */; };
		DCA91C482876B902008F25BE /* ItemModel.swift in Sources */ = {isa = PBXBuildFile; fileRef = DC4E36352874936E0078F9A3 /* ItemModel.swift */; };
		DCA91C492876B907008F25BE /* FirebaseExtension.swift in Sources */ = {isa = PBXBuildFile; fileRef = DC8210E728739E2C00EB5A97 /* FirebaseExtension.swift */; };
		DCA91C4A2876B909008F25BE /* HomeViewModel.swift in Sources */ = {isa = PBXBuildFile; fileRef = DC4E3637287502190078F9A3 /* HomeViewModel.swift */; };
		DCA91C4B2876C027008F25BE /* CheckmarkButton.swift in Sources */ = {isa = PBXBuildFile; fileRef = DC05425C287555C300286169 /* CheckmarkButton.swift */; };
		DCA91C4D28772A4E008F25BE /* StoreDetailView.swift in Sources */ = {isa = PBXBuildFile; fileRef = DCA91C4C28772A4E008F25BE /* StoreDetailView.swift */; };
/* End PBXBuildFile section */

/* Begin PBXContainerItemProxy section */
		DC8210BA28739A5A00EB5A97 /* PBXContainerItemProxy */ = {
			isa = PBXContainerItemProxy;
			containerPortal = DC8210A128739A5500EB5A97 /* Project object */;
			proxyType = 1;
			remoteGlobalIDString = DC8210A828739A5500EB5A97;
			remoteInfo = Groceries;
		};
		DC8210C428739A5A00EB5A97 /* PBXContainerItemProxy */ = {
			isa = PBXContainerItemProxy;
			containerPortal = DC8210A128739A5500EB5A97 /* Project object */;
			proxyType = 1;
			remoteGlobalIDString = DC8210A828739A5500EB5A97;
			remoteInfo = Groceries;
		};
		DCA91C1A2876B764008F25BE /* PBXContainerItemProxy */ = {
			isa = PBXContainerItemProxy;
			containerPortal = DC8210A128739A5500EB5A97 /* Project object */;
			proxyType = 1;
			remoteGlobalIDString = DCA91C172876B764008F25BE;
			remoteInfo = "WatchGroceries WatchKit Extension";
		};
		DCA91C2E2876B766008F25BE /* PBXContainerItemProxy */ = {
			isa = PBXContainerItemProxy;
			containerPortal = DC8210A128739A5500EB5A97 /* Project object */;
			proxyType = 1;
			remoteGlobalIDString = DCA91C0F2876B762008F25BE;
			remoteInfo = WatchGroceries;
		};
/* End PBXContainerItemProxy section */

/* Begin PBXCopyFilesBuildPhase section */
		DCA91C312876B766008F25BE /* Embed Watch Content */ = {
			isa = PBXCopyFilesBuildPhase;
			buildActionMask = 2147483647;
			dstPath = "$(CONTENTS_FOLDER_PATH)/Watch";
			dstSubfolderSpec = 16;
			files = (
				DCA91C302876B766008F25BE /* WatchGroceries.app in Embed Watch Content */,
			);
			name = "Embed Watch Content";
			runOnlyForDeploymentPostprocessing = 0;
		};
		DCA91C342876B766008F25BE /* Embed App Extensions */ = {
			isa = PBXCopyFilesBuildPhase;
			buildActionMask = 2147483647;
			dstPath = "";
			dstSubfolderSpec = 13;
			files = (
				DCA91C192876B764008F25BE /* WatchGroceries WatchKit Extension.appex in Embed App Extensions */,
			);
			name = "Embed App Extensions";
			runOnlyForDeploymentPostprocessing = 0;
		};
/* End PBXCopyFilesBuildPhase section */

/* Begin PBXFileReference section */
		DC05425C287555C300286169 /* CheckmarkButton.swift */ = {isa = PBXFileReference; lastKnownFileType = sourcecode.swift; path = CheckmarkButton.swift; sourceTree = "<group>"; };
		DC4E36352874936E0078F9A3 /* ItemModel.swift */ = {isa = PBXFileReference; lastKnownFileType = sourcecode.swift; path = ItemModel.swift; sourceTree = "<group>"; };
		DC4E3637287502190078F9A3 /* HomeViewModel.swift */ = {isa = PBXFileReference; lastKnownFileType = sourcecode.swift; path = HomeViewModel.swift; sourceTree = "<group>"; };
		DC51E26C2875E85400C1800D /* AddGroceryView.swift */ = {isa = PBXFileReference; lastKnownFileType = sourcecode.swift; path = AddGroceryView.swift; sourceTree = "<group>"; };
		DC8210A928739A5500EB5A97 /* Groceries.app */ = {isa = PBXFileReference; explicitFileType = wrapper.application; includeInIndex = 0; path = Groceries.app; sourceTree = BUILT_PRODUCTS_DIR; };
		DC8210AC28739A5500EB5A97 /* GroceriesApp.swift */ = {isa = PBXFileReference; lastKnownFileType = sourcecode.swift; path = GroceriesApp.swift; sourceTree = "<group>"; };
		DC8210AE28739A5500EB5A97 /* HomeView.swift */ = {isa = PBXFileReference; lastKnownFileType = sourcecode.swift; path = HomeView.swift; sourceTree = "<group>"; };
		DC8210B028739A5A00EB5A97 /* Assets.xcassets */ = {isa = PBXFileReference; lastKnownFileType = folder.assetcatalog; path = Assets.xcassets; sourceTree = "<group>"; };
		DC8210B328739A5A00EB5A97 /* Preview Assets.xcassets */ = {isa = PBXFileReference; lastKnownFileType = folder.assetcatalog; path = "Preview Assets.xcassets"; sourceTree = "<group>"; };
		DC8210B928739A5A00EB5A97 /* GroceriesTests.xctest */ = {isa = PBXFileReference; explicitFileType = wrapper.cfbundle; includeInIndex = 0; path = GroceriesTests.xctest; sourceTree = BUILT_PRODUCTS_DIR; };
		DC8210BD28739A5A00EB5A97 /* GroceriesTests.swift */ = {isa = PBXFileReference; lastKnownFileType = sourcecode.swift; path = GroceriesTests.swift; sourceTree = "<group>"; };
		DC8210C328739A5A00EB5A97 /* GroceriesUITests.xctest */ = {isa = PBXFileReference; explicitFileType = wrapper.cfbundle; includeInIndex = 0; path = GroceriesUITests.xctest; sourceTree = BUILT_PRODUCTS_DIR; };
		DC8210C728739A5A00EB5A97 /* GroceriesUITests.swift */ = {isa = PBXFileReference; lastKnownFileType = sourcecode.swift; path = GroceriesUITests.swift; sourceTree = "<group>"; };
		DC8210C928739A5A00EB5A97 /* GroceriesUITestsLaunchTests.swift */ = {isa = PBXFileReference; lastKnownFileType = sourcecode.swift; path = GroceriesUITestsLaunchTests.swift; sourceTree = "<group>"; };
		DC8210D628739CFB00EB5A97 /* GoogleService-Info.plist */ = {isa = PBXFileReference; fileEncoding = 4; lastKnownFileType = text.plist.xml; path = "GoogleService-Info.plist"; sourceTree = "<group>"; };
		DC8210E728739E2C00EB5A97 /* FirebaseExtension.swift */ = {isa = PBXFileReference; lastKnownFileType = sourcecode.swift; path = FirebaseExtension.swift; sourceTree = "<group>"; };
		DCA91C102876B762008F25BE /* WatchGroceries.app */ = {isa = PBXFileReference; explicitFileType = wrapper.application; includeInIndex = 0; path = WatchGroceries.app; sourceTree = BUILT_PRODUCTS_DIR; };
		DCA91C122876B764008F25BE /* Assets.xcassets */ = {isa = PBXFileReference; lastKnownFileType = folder.assetcatalog; path = Assets.xcassets; sourceTree = "<group>"; };
		DCA91C182876B764008F25BE /* WatchGroceries WatchKit Extension.appex */ = {isa = PBXFileReference; explicitFileType = "wrapper.app-extension"; includeInIndex = 0; path = "WatchGroceries WatchKit Extension.appex"; sourceTree = BUILT_PRODUCTS_DIR; };
		DCA91C1D2876B764008F25BE /* GroceriesApp.swift */ = {isa = PBXFileReference; lastKnownFileType = sourcecode.swift; path = GroceriesApp.swift; sourceTree = "<group>"; };
		DCA91C1F2876B764008F25BE /* MainWatchView.swift */ = {isa = PBXFileReference; lastKnownFileType = sourcecode.swift; path = MainWatchView.swift; sourceTree = "<group>"; };
		DCA91C212876B764008F25BE /* NotificationController.swift */ = {isa = PBXFileReference; lastKnownFileType = sourcecode.swift; path = NotificationController.swift; sourceTree = "<group>"; };
		DCA91C232876B764008F25BE /* NotificationView.swift */ = {isa = PBXFileReference; lastKnownFileType = sourcecode.swift; path = NotificationView.swift; sourceTree = "<group>"; };
		DCA91C252876B764008F25BE /* ComplicationController.swift */ = {isa = PBXFileReference; lastKnownFileType = sourcecode.swift; path = ComplicationController.swift; sourceTree = "<group>"; };
		DCA91C272876B766008F25BE /* Assets.xcassets */ = {isa = PBXFileReference; lastKnownFileType = folder.assetcatalog; path = Assets.xcassets; sourceTree = "<group>"; };
		DCA91C2A2876B766008F25BE /* Preview Assets.xcassets */ = {isa = PBXFileReference; lastKnownFileType = folder.assetcatalog; path = "Preview Assets.xcassets"; sourceTree = "<group>"; };
		DCA91C2C2876B766008F25BE /* Info.plist */ = {isa = PBXFileReference; lastKnownFileType = text.plist.xml; path = Info.plist; sourceTree = "<group>"; };
		DCA91C2D2876B766008F25BE /* PushNotificationPayload.apns */ = {isa = PBXFileReference; lastKnownFileType = text; path = PushNotificationPayload.apns; sourceTree = "<group>"; };
		DCA91C4C28772A4E008F25BE /* StoreDetailView.swift */ = {isa = PBXFileReference; lastKnownFileType = sourcecode.swift; path = StoreDetailView.swift; sourceTree = "<group>"; };
/* End PBXFileReference section */

/* Begin PBXFrameworksBuildPhase section */
		DC8210A628739A5500EB5A97 /* Frameworks */ = {
			isa = PBXFrameworksBuildPhase;
			buildActionMask = 2147483647;
			files = (
				DCA91C3F2876B7D5008F25BE /* FirebaseDatabaseSwift in Frameworks */,
				DC8210E028739DBA00EB5A97 /* FirebaseDatabaseSwift in Frameworks */,
				DC8210E228739DBA00EB5A97 /* FirebaseFirestore in Frameworks */,
				DC8210DE28739DBA00EB5A97 /* FirebaseDatabase in Frameworks */,
				DC8210E428739DBA00EB5A97 /* FirebaseFirestoreCombine-Community in Frameworks */,
				DC51E272287604FA00C1800D /* Introspect in Frameworks */,
				DC8210DC28739DBA00EB5A97 /* FirebaseAuth in Frameworks */,
				DCA91C3D2876B7D5008F25BE /* FirebaseDatabase in Frameworks */,
				DC8210E628739DBA00EB5A97 /* FirebaseFirestoreSwift in Frameworks */,
				DCA91C3B2876B7D5008F25BE /* FirebaseAuth in Frameworks */,
			);
			runOnlyForDeploymentPostprocessing = 0;
		};
		DC8210B628739A5A00EB5A97 /* Frameworks */ = {
			isa = PBXFrameworksBuildPhase;
			buildActionMask = 2147483647;
			files = (
			);
			runOnlyForDeploymentPostprocessing = 0;
		};
		DC8210C028739A5A00EB5A97 /* Frameworks */ = {
			isa = PBXFrameworksBuildPhase;
			buildActionMask = 2147483647;
			files = (
			);
			runOnlyForDeploymentPostprocessing = 0;
		};
		DCA91C152876B764008F25BE /* Frameworks */ = {
			isa = PBXFrameworksBuildPhase;
			buildActionMask = 2147483647;
			files = (
				DCA91C462876B846008F25BE /* FirebaseDatabaseSwift in Frameworks */,
				DCA91C442876B843008F25BE /* FirebaseDatabase in Frameworks */,
				DCA91C422876B83F008F25BE /* FirebaseAuth in Frameworks */,
			);
			runOnlyForDeploymentPostprocessing = 0;
		};
/* End PBXFrameworksBuildPhase section */

/* Begin PBXGroup section */
		DC0542582875553600286169 /* Views */ = {
			isa = PBXGroup;
			children = (
				DC8210AE28739A5500EB5A97 /* HomeView.swift */,
				DC05425C287555C300286169 /* CheckmarkButton.swift */,
				DC51E26C2875E85400C1800D /* AddGroceryView.swift */,
			);
			path = Views;
			sourceTree = "<group>";
		};
		DC0542592875553B00286169 /* Models */ = {
			isa = PBXGroup;
			children = (
				DC4E36352874936E0078F9A3 /* ItemModel.swift */,
			);
			path = Models;
			sourceTree = "<group>";
		};
		DC05425A2875554000286169 /* ViewModels */ = {
			isa = PBXGroup;
			children = (
				DC4E3637287502190078F9A3 /* HomeViewModel.swift */,
			);
			path = ViewModels;
			sourceTree = "<group>";
		};
		DC05425B2875554400286169 /* Extensions */ = {
			isa = PBXGroup;
			children = (
				DC8210E728739E2C00EB5A97 /* FirebaseExtension.swift */,
			);
			path = Extensions;
			sourceTree = "<group>";
		};
		DC8210A028739A5500EB5A97 = {
			isa = PBXGroup;
			children = (
				DC8210AB28739A5500EB5A97 /* Groceries */,
				DC8210BC28739A5A00EB5A97 /* GroceriesTests */,
				DC8210C628739A5A00EB5A97 /* GroceriesUITests */,
				DCA91C112876B762008F25BE /* WatchGroceries */,
				DCA91C1C2876B764008F25BE /* WatchGroceries WatchKit Extension */,
				DC8210AA28739A5500EB5A97 /* Products */,
				DCA91C402876B83F008F25BE /* Frameworks */,
			);
			sourceTree = "<group>";
		};
		DC8210AA28739A5500EB5A97 /* Products */ = {
			isa = PBXGroup;
			children = (
				DC8210A928739A5500EB5A97 /* Groceries.app */,
				DC8210B928739A5A00EB5A97 /* GroceriesTests.xctest */,
				DC8210C328739A5A00EB5A97 /* GroceriesUITests.xctest */,
				DCA91C102876B762008F25BE /* WatchGroceries.app */,
				DCA91C182876B764008F25BE /* WatchGroceries WatchKit Extension.appex */,
			);
			name = Products;
			sourceTree = "<group>";
		};
		DC8210AB28739A5500EB5A97 /* Groceries */ = {
			isa = PBXGroup;
			children = (
				DC8210D628739CFB00EB5A97 /* GoogleService-Info.plist */,
				DC8210AC28739A5500EB5A97 /* GroceriesApp.swift */,
				DC8210B028739A5A00EB5A97 /* Assets.xcassets */,
				DC8210B228739A5A00EB5A97 /* Preview Content */,
				DC0542592875553B00286169 /* Models */,
				DC0542582875553600286169 /* Views */,
				DC05425A2875554000286169 /* ViewModels */,
				DC05425B2875554400286169 /* Extensions */,
			);
			path = Groceries;
			sourceTree = "<group>";
		};
		DC8210B228739A5A00EB5A97 /* Preview Content */ = {
			isa = PBXGroup;
			children = (
				DC8210B328739A5A00EB5A97 /* Preview Assets.xcassets */,
			);
			path = "Preview Content";
			sourceTree = "<group>";
		};
		DC8210BC28739A5A00EB5A97 /* GroceriesTests */ = {
			isa = PBXGroup;
			children = (
				DC8210BD28739A5A00EB5A97 /* GroceriesTests.swift */,
			);
			path = GroceriesTests;
			sourceTree = "<group>";
		};
		DC8210C628739A5A00EB5A97 /* GroceriesUITests */ = {
			isa = PBXGroup;
			children = (
				DC8210C728739A5A00EB5A97 /* GroceriesUITests.swift */,
				DC8210C928739A5A00EB5A97 /* GroceriesUITestsLaunchTests.swift */,
			);
			path = GroceriesUITests;
			sourceTree = "<group>";
		};
		DCA91C112876B762008F25BE /* WatchGroceries */ = {
			isa = PBXGroup;
			children = (
				DCA91C122876B764008F25BE /* Assets.xcassets */,
			);
			path = WatchGroceries;
			sourceTree = "<group>";
		};
		DCA91C1C2876B764008F25BE /* WatchGroceries WatchKit Extension */ = {
			isa = PBXGroup;
			children = (
				DCA91C1D2876B764008F25BE /* GroceriesApp.swift */,
				DCA91C1F2876B764008F25BE /* MainWatchView.swift */,
				DCA91C4C28772A4E008F25BE /* StoreDetailView.swift */,
				DCA91C212876B764008F25BE /* NotificationController.swift */,
				DCA91C232876B764008F25BE /* NotificationView.swift */,
				DCA91C252876B764008F25BE /* ComplicationController.swift */,
				DCA91C272876B766008F25BE /* Assets.xcassets */,
				DCA91C2C2876B766008F25BE /* Info.plist */,
				DCA91C2D2876B766008F25BE /* PushNotificationPayload.apns */,
				DCA91C292876B766008F25BE /* Preview Content */,
			);
			path = "WatchGroceries WatchKit Extension";
			sourceTree = "<group>";
		};
		DCA91C292876B766008F25BE /* Preview Content */ = {
			isa = PBXGroup;
			children = (
				DCA91C2A2876B766008F25BE /* Preview Assets.xcassets */,
			);
			path = "Preview Content";
			sourceTree = "<group>";
		};
		DCA91C402876B83F008F25BE /* Frameworks */ = {
			isa = PBXGroup;
			children = (
			);
			name = Frameworks;
			sourceTree = "<group>";
		};
/* End PBXGroup section */

/* Begin PBXNativeTarget section */
		DC8210A828739A5500EB5A97 /* Groceries */ = {
			isa = PBXNativeTarget;
			buildConfigurationList = DC8210CD28739A5A00EB5A97 /* Build configuration list for PBXNativeTarget "Groceries" */;
			buildPhases = (
				DC8210A528739A5500EB5A97 /* Sources */,
				DC8210A628739A5500EB5A97 /* Frameworks */,
				DC8210A728739A5500EB5A97 /* Resources */,
				DCA91C312876B766008F25BE /* Embed Watch Content */,
			);
			buildRules = (
			);
			dependencies = (
				DCA91C2F2876B766008F25BE /* PBXTargetDependency */,
			);
			name = Groceries;
			packageProductDependencies = (
				DC8210DB28739DBA00EB5A97 /* FirebaseAuth */,
				DC8210DD28739DBA00EB5A97 /* FirebaseDatabase */,
				DC8210DF28739DBA00EB5A97 /* FirebaseDatabaseSwift */,
				DC8210E128739DBA00EB5A97 /* FirebaseFirestore */,
				DC8210E328739DBA00EB5A97 /* FirebaseFirestoreCombine-Community */,
				DC8210E528739DBA00EB5A97 /* FirebaseFirestoreSwift */,
				DC51E271287604FA00C1800D /* Introspect */,
				DCA91C3A2876B7D5008F25BE /* FirebaseAuth */,
				DCA91C3C2876B7D5008F25BE /* FirebaseDatabase */,
				DCA91C3E2876B7D5008F25BE /* FirebaseDatabaseSwift */,
			);
			productName = Groceries;
			productReference = DC8210A928739A5500EB5A97 /* Groceries.app */;
			productType = "com.apple.product-type.application";
		};
		DC8210B828739A5A00EB5A97 /* GroceriesTests */ = {
			isa = PBXNativeTarget;
			buildConfigurationList = DC8210D028739A5A00EB5A97 /* Build configuration list for PBXNativeTarget "GroceriesTests" */;
			buildPhases = (
				DC8210B528739A5A00EB5A97 /* Sources */,
				DC8210B628739A5A00EB5A97 /* Frameworks */,
				DC8210B728739A5A00EB5A97 /* Resources */,
			);
			buildRules = (
			);
			dependencies = (
				DC8210BB28739A5A00EB5A97 /* PBXTargetDependency */,
			);
			name = GroceriesTests;
			productName = GroceriesTests;
			productReference = DC8210B928739A5A00EB5A97 /* GroceriesTests.xctest */;
			productType = "com.apple.product-type.bundle.unit-test";
		};
		DC8210C228739A5A00EB5A97 /* GroceriesUITests */ = {
			isa = PBXNativeTarget;
			buildConfigurationList = DC8210D328739A5A00EB5A97 /* Build configuration list for PBXNativeTarget "GroceriesUITests" */;
			buildPhases = (
				DC8210BF28739A5A00EB5A97 /* Sources */,
				DC8210C028739A5A00EB5A97 /* Frameworks */,
				DC8210C128739A5A00EB5A97 /* Resources */,
			);
			buildRules = (
			);
			dependencies = (
				DC8210C528739A5A00EB5A97 /* PBXTargetDependency */,
			);
			name = GroceriesUITests;
			productName = GroceriesUITests;
			productReference = DC8210C328739A5A00EB5A97 /* GroceriesUITests.xctest */;
			productType = "com.apple.product-type.bundle.ui-testing";
		};
		DCA91C0F2876B762008F25BE /* WatchGroceries */ = {
			isa = PBXNativeTarget;
			buildConfigurationList = DCA91C382876B766008F25BE /* Build configuration list for PBXNativeTarget "WatchGroceries" */;
			buildPhases = (
				DCA91C0E2876B762008F25BE /* Resources */,
				DCA91C342876B766008F25BE /* Embed App Extensions */,
			);
			buildRules = (
			);
			dependencies = (
				DCA91C1B2876B764008F25BE /* PBXTargetDependency */,
			);
			name = WatchGroceries;
			productName = WatchGroceries;
			productReference = DCA91C102876B762008F25BE /* WatchGroceries.app */;
			productType = "com.apple.product-type.application.watchapp2";
		};
		DCA91C172876B764008F25BE /* WatchGroceries WatchKit Extension */ = {
			isa = PBXNativeTarget;
			buildConfigurationList = DCA91C372876B766008F25BE /* Build configuration list for PBXNativeTarget "WatchGroceries WatchKit Extension" */;
			buildPhases = (
				DCA91C142876B764008F25BE /* Sources */,
				DCA91C152876B764008F25BE /* Frameworks */,
				DCA91C162876B764008F25BE /* Resources */,
			);
			buildRules = (
			);
			dependencies = (
			);
			name = "WatchGroceries WatchKit Extension";
			packageProductDependencies = (
				DCA91C412876B83F008F25BE /* FirebaseAuth */,
				DCA91C432876B843008F25BE /* FirebaseDatabase */,
				DCA91C452876B846008F25BE /* FirebaseDatabaseSwift */,
			);
			productName = "WatchGroceries WatchKit Extension";
			productReference = DCA91C182876B764008F25BE /* WatchGroceries WatchKit Extension.appex */;
			productType = "com.apple.product-type.watchkit2-extension";
		};
/* End PBXNativeTarget section */

/* Begin PBXProject section */
		DC8210A128739A5500EB5A97 /* Project object */ = {
			isa = PBXProject;
			attributes = {
				BuildIndependentTargetsInParallel = 1;
				LastSwiftUpdateCheck = 1340;
				LastUpgradeCheck = 1340;
				TargetAttributes = {
					DC8210A828739A5500EB5A97 = {
						CreatedOnToolsVersion = 13.4.1;
					};
					DC8210B828739A5A00EB5A97 = {
						CreatedOnToolsVersion = 13.4.1;
						TestTargetID = DC8210A828739A5500EB5A97;
					};
					DC8210C228739A5A00EB5A97 = {
						CreatedOnToolsVersion = 13.4.1;
						TestTargetID = DC8210A828739A5500EB5A97;
					};
					DCA91C0F2876B762008F25BE = {
						CreatedOnToolsVersion = 13.4.1;
					};
					DCA91C172876B764008F25BE = {
						CreatedOnToolsVersion = 13.4.1;
					};
				};
			};
			buildConfigurationList = DC8210A428739A5500EB5A97 /* Build configuration list for PBXProject "Groceries" */;
			compatibilityVersion = "Xcode 13.0";
			developmentRegion = en;
			hasScannedForEncodings = 0;
			knownRegions = (
				en,
				Base,
			);
			mainGroup = DC8210A028739A5500EB5A97;
			packageReferences = (
				DC8210DA28739DBA00EB5A97 /* XCRemoteSwiftPackageReference "firebase-ios-sdk" */,
				DC51E270287604FA00C1800D /* XCRemoteSwiftPackageReference "SwiftUI-Introspect" */,
				DCA91C392876B7D5008F25BE /* XCRemoteSwiftPackageReference "firebase-ios-sdk" */,
			);
			productRefGroup = DC8210AA28739A5500EB5A97 /* Products */;
			projectDirPath = "";
			projectRoot = "";
			targets = (
				DC8210A828739A5500EB5A97 /* Groceries */,
				DC8210B828739A5A00EB5A97 /* GroceriesTests */,
				DC8210C228739A5A00EB5A97 /* GroceriesUITests */,
				DCA91C0F2876B762008F25BE /* WatchGroceries */,
				DCA91C172876B764008F25BE /* WatchGroceries WatchKit Extension */,
			);
		};
/* End PBXProject section */

/* Begin PBXResourcesBuildPhase section */
		DC8210A728739A5500EB5A97 /* Resources */ = {
			isa = PBXResourcesBuildPhase;
			buildActionMask = 2147483647;
			files = (
				DC8210B428739A5A00EB5A97 /* Preview Assets.xcassets in Resources */,
				DC8210B128739A5A00EB5A97 /* Assets.xcassets in Resources */,
				DC8210D728739CFB00EB5A97 /* GoogleService-Info.plist in Resources */,
			);
			runOnlyForDeploymentPostprocessing = 0;
		};
		DC8210B728739A5A00EB5A97 /* Resources */ = {
			isa = PBXResourcesBuildPhase;
			buildActionMask = 2147483647;
			files = (
				DC8210D828739CFB00EB5A97 /* GoogleService-Info.plist in Resources */,
			);
			runOnlyForDeploymentPostprocessing = 0;
		};
		DC8210C128739A5A00EB5A97 /* Resources */ = {
			isa = PBXResourcesBuildPhase;
			buildActionMask = 2147483647;
			files = (
				DC8210D928739CFB00EB5A97 /* GoogleService-Info.plist in Resources */,
			);
			runOnlyForDeploymentPostprocessing = 0;
		};
		DCA91C0E2876B762008F25BE /* Resources */ = {
			isa = PBXResourcesBuildPhase;
			buildActionMask = 2147483647;
			files = (
				DCA91C132876B764008F25BE /* Assets.xcassets in Resources */,
			);
			runOnlyForDeploymentPostprocessing = 0;
		};
		DCA91C162876B764008F25BE /* Resources */ = {
			isa = PBXResourcesBuildPhase;
			buildActionMask = 2147483647;
			files = (
				DCA91C2B2876B766008F25BE /* Preview Assets.xcassets in Resources */,
				DCA91C282876B766008F25BE /* Assets.xcassets in Resources */,
				DCA91C472876B8FD008F25BE /* GoogleService-Info.plist in Resources */,
			);
			runOnlyForDeploymentPostprocessing = 0;
		};
/* End PBXResourcesBuildPhase section */

/* Begin PBXSourcesBuildPhase section */
		DC8210A528739A5500EB5A97 /* Sources */ = {
			isa = PBXSourcesBuildPhase;
			buildActionMask = 2147483647;
			files = (
				DC8210AF28739A5500EB5A97 /* HomeView.swift in Sources */,
				DC8210E828739E2C00EB5A97 /* FirebaseExtension.swift in Sources */,
				DC4E36362874936E0078F9A3 /* ItemModel.swift in Sources */,
				DC4E3638287502190078F9A3 /* HomeViewModel.swift in Sources */,
				DC8210AD28739A5500EB5A97 /* GroceriesApp.swift in Sources */,
				DC51E26D2875E85400C1800D /* AddGroceryView.swift in Sources */,
				DC05425D287555C300286169 /* CheckmarkButton.swift in Sources */,
			);
			runOnlyForDeploymentPostprocessing = 0;
		};
		DC8210B528739A5A00EB5A97 /* Sources */ = {
			isa = PBXSourcesBuildPhase;
			buildActionMask = 2147483647;
			files = (
				DC8210E928739E2C00EB5A97 /* FirebaseExtension.swift in Sources */,
				DC8210BE28739A5A00EB5A97 /* GroceriesTests.swift in Sources */,
			);
			runOnlyForDeploymentPostprocessing = 0;
		};
		DC8210BF28739A5A00EB5A97 /* Sources */ = {
			isa = PBXSourcesBuildPhase;
			buildActionMask = 2147483647;
			files = (
				DC8210CA28739A5A00EB5A97 /* GroceriesUITestsLaunchTests.swift in Sources */,
				DC8210EA28739E2C00EB5A97 /* FirebaseExtension.swift in Sources */,
				DC8210C828739A5A00EB5A97 /* GroceriesUITests.swift in Sources */,
			);
			runOnlyForDeploymentPostprocessing = 0;
		};
		DCA91C142876B764008F25BE /* Sources */ = {
			isa = PBXSourcesBuildPhase;
			buildActionMask = 2147483647;
			files = (
				DCA91C492876B907008F25BE /* FirebaseExtension.swift in Sources */,
				DCA91C482876B902008F25BE /* ItemModel.swift in Sources */,
				DCA91C222876B764008F25BE /* NotificationController.swift in Sources */,
				DCA91C4D28772A4E008F25BE /* StoreDetailView.swift in Sources */,
				DCA91C4A2876B909008F25BE /* HomeViewModel.swift in Sources */,
				DCA91C202876B764008F25BE /* MainWatchView.swift in Sources */,
				DCA91C4B2876C027008F25BE /* CheckmarkButton.swift in Sources */,
				DCA91C262876B764008F25BE /* ComplicationController.swift in Sources */,
				DCA91C1E2876B764008F25BE /* GroceriesApp.swift in Sources */,
				DCA91C242876B764008F25BE /* NotificationView.swift in Sources */,
			);
			runOnlyForDeploymentPostprocessing = 0;
		};
/* End PBXSourcesBuildPhase section */

/* Begin PBXTargetDependency section */
		DC8210BB28739A5A00EB5A97 /* PBXTargetDependency */ = {
			isa = PBXTargetDependency;
			target = DC8210A828739A5500EB5A97 /* Groceries */;
			targetProxy = DC8210BA28739A5A00EB5A97 /* PBXContainerItemProxy */;
		};
		DC8210C528739A5A00EB5A97 /* PBXTargetDependency */ = {
			isa = PBXTargetDependency;
			target = DC8210A828739A5500EB5A97 /* Groceries */;
			targetProxy = DC8210C428739A5A00EB5A97 /* PBXContainerItemProxy */;
		};
		DCA91C1B2876B764008F25BE /* PBXTargetDependency */ = {
			isa = PBXTargetDependency;
			target = DCA91C172876B764008F25BE /* WatchGroceries WatchKit Extension */;
			targetProxy = DCA91C1A2876B764008F25BE /* PBXContainerItemProxy */;
		};
		DCA91C2F2876B766008F25BE /* PBXTargetDependency */ = {
			isa = PBXTargetDependency;
			target = DCA91C0F2876B762008F25BE /* WatchGroceries */;
			targetProxy = DCA91C2E2876B766008F25BE /* PBXContainerItemProxy */;
		};
/* End PBXTargetDependency section */

/* Begin XCBuildConfiguration section */
		DC8210CB28739A5A00EB5A97 /* Debug */ = {
			isa = XCBuildConfiguration;
			buildSettings = {
				ALWAYS_SEARCH_USER_PATHS = NO;
				CLANG_ANALYZER_NONNULL = YES;
				CLANG_ANALYZER_NUMBER_OBJECT_CONVERSION = YES_AGGRESSIVE;
				CLANG_CXX_LANGUAGE_STANDARD = "gnu++17";
				CLANG_ENABLE_MODULES = YES;
				CLANG_ENABLE_OBJC_ARC = YES;
				CLANG_ENABLE_OBJC_WEAK = YES;
				CLANG_WARN_BLOCK_CAPTURE_AUTORELEASING = YES;
				CLANG_WARN_BOOL_CONVERSION = YES;
				CLANG_WARN_COMMA = YES;
				CLANG_WARN_CONSTANT_CONVERSION = YES;
				CLANG_WARN_DEPRECATED_OBJC_IMPLEMENTATIONS = YES;
				CLANG_WARN_DIRECT_OBJC_ISA_USAGE = YES_ERROR;
				CLANG_WARN_DOCUMENTATION_COMMENTS = YES;
				CLANG_WARN_EMPTY_BODY = YES;
				CLANG_WARN_ENUM_CONVERSION = YES;
				CLANG_WARN_INFINITE_RECURSION = YES;
				CLANG_WARN_INT_CONVERSION = YES;
				CLANG_WARN_NON_LITERAL_NULL_CONVERSION = YES;
				CLANG_WARN_OBJC_IMPLICIT_RETAIN_SELF = YES;
				CLANG_WARN_OBJC_LITERAL_CONVERSION = YES;
				CLANG_WARN_OBJC_ROOT_CLASS = YES_ERROR;
				CLANG_WARN_QUOTED_INCLUDE_IN_FRAMEWORK_HEADER = YES;
				CLANG_WARN_RANGE_LOOP_ANALYSIS = YES;
				CLANG_WARN_STRICT_PROTOTYPES = YES;
				CLANG_WARN_SUSPICIOUS_MOVE = YES;
				CLANG_WARN_UNGUARDED_AVAILABILITY = YES_AGGRESSIVE;
				CLANG_WARN_UNREACHABLE_CODE = YES;
				CLANG_WARN__DUPLICATE_METHOD_MATCH = YES;
				COPY_PHASE_STRIP = NO;
				DEBUG_INFORMATION_FORMAT = dwarf;
				ENABLE_STRICT_OBJC_MSGSEND = YES;
				ENABLE_TESTABILITY = YES;
				GCC_C_LANGUAGE_STANDARD = gnu11;
				GCC_DYNAMIC_NO_PIC = NO;
				GCC_NO_COMMON_BLOCKS = YES;
				GCC_OPTIMIZATION_LEVEL = 0;
				GCC_PREPROCESSOR_DEFINITIONS = (
					"DEBUG=1",
					"$(inherited)",
				);
				GCC_WARN_64_TO_32_BIT_CONVERSION = YES;
				GCC_WARN_ABOUT_RETURN_TYPE = YES_ERROR;
				GCC_WARN_UNDECLARED_SELECTOR = YES;
				GCC_WARN_UNINITIALIZED_AUTOS = YES_AGGRESSIVE;
				GCC_WARN_UNUSED_FUNCTION = YES;
				GCC_WARN_UNUSED_VARIABLE = YES;
				IPHONEOS_DEPLOYMENT_TARGET = 15.5;
				MTL_ENABLE_DEBUG_INFO = INCLUDE_SOURCE;
				MTL_FAST_MATH = YES;
				ONLY_ACTIVE_ARCH = YES;
				SDKROOT = iphoneos;
				SWIFT_ACTIVE_COMPILATION_CONDITIONS = DEBUG;
				SWIFT_OPTIMIZATION_LEVEL = "-Onone";
			};
			name = Debug;
		};
		DC8210CC28739A5A00EB5A97 /* Release */ = {
			isa = XCBuildConfiguration;
			buildSettings = {
				ALWAYS_SEARCH_USER_PATHS = NO;
				CLANG_ANALYZER_NONNULL = YES;
				CLANG_ANALYZER_NUMBER_OBJECT_CONVERSION = YES_AGGRESSIVE;
				CLANG_CXX_LANGUAGE_STANDARD = "gnu++17";
				CLANG_ENABLE_MODULES = YES;
				CLANG_ENABLE_OBJC_ARC = YES;
				CLANG_ENABLE_OBJC_WEAK = YES;
				CLANG_WARN_BLOCK_CAPTURE_AUTORELEASING = YES;
				CLANG_WARN_BOOL_CONVERSION = YES;
				CLANG_WARN_COMMA = YES;
				CLANG_WARN_CONSTANT_CONVERSION = YES;
				CLANG_WARN_DEPRECATED_OBJC_IMPLEMENTATIONS = YES;
				CLANG_WARN_DIRECT_OBJC_ISA_USAGE = YES_ERROR;
				CLANG_WARN_DOCUMENTATION_COMMENTS = YES;
				CLANG_WARN_EMPTY_BODY = YES;
				CLANG_WARN_ENUM_CONVERSION = YES;
				CLANG_WARN_INFINITE_RECURSION = YES;
				CLANG_WARN_INT_CONVERSION = YES;
				CLANG_WARN_NON_LITERAL_NULL_CONVERSION = YES;
				CLANG_WARN_OBJC_IMPLICIT_RETAIN_SELF = YES;
				CLANG_WARN_OBJC_LITERAL_CONVERSION = YES;
				CLANG_WARN_OBJC_ROOT_CLASS = YES_ERROR;
				CLANG_WARN_QUOTED_INCLUDE_IN_FRAMEWORK_HEADER = YES;
				CLANG_WARN_RANGE_LOOP_ANALYSIS = YES;
				CLANG_WARN_STRICT_PROTOTYPES = YES;
				CLANG_WARN_SUSPICIOUS_MOVE = YES;
				CLANG_WARN_UNGUARDED_AVAILABILITY = YES_AGGRESSIVE;
				CLANG_WARN_UNREACHABLE_CODE = YES;
				CLANG_WARN__DUPLICATE_METHOD_MATCH = YES;
				COPY_PHASE_STRIP = NO;
				DEBUG_INFORMATION_FORMAT = "dwarf-with-dsym";
				ENABLE_NS_ASSERTIONS = NO;
				ENABLE_STRICT_OBJC_MSGSEND = YES;
				GCC_C_LANGUAGE_STANDARD = gnu11;
				GCC_NO_COMMON_BLOCKS = YES;
				GCC_WARN_64_TO_32_BIT_CONVERSION = YES;
				GCC_WARN_ABOUT_RETURN_TYPE = YES_ERROR;
				GCC_WARN_UNDECLARED_SELECTOR = YES;
				GCC_WARN_UNINITIALIZED_AUTOS = YES_AGGRESSIVE;
				GCC_WARN_UNUSED_FUNCTION = YES;
				GCC_WARN_UNUSED_VARIABLE = YES;
				IPHONEOS_DEPLOYMENT_TARGET = 15.5;
				MTL_ENABLE_DEBUG_INFO = NO;
				MTL_FAST_MATH = YES;
				SDKROOT = iphoneos;
				SWIFT_COMPILATION_MODE = wholemodule;
				SWIFT_OPTIMIZATION_LEVEL = "-O";
				VALIDATE_PRODUCT = YES;
			};
			name = Release;
		};
		DC8210CE28739A5A00EB5A97 /* Debug */ = {
			isa = XCBuildConfiguration;
			buildSettings = {
				ASSETCATALOG_COMPILER_APPICON_NAME = AppIcon;
				ASSETCATALOG_COMPILER_GLOBAL_ACCENT_COLOR_NAME = AccentColor;
				CODE_SIGN_STYLE = Automatic;
				CURRENT_PROJECT_VERSION = 1;
				DEVELOPMENT_ASSET_PATHS = "\"Groceries/Preview Content\"";
				DEVELOPMENT_TEAM = 66AVQK2TF9;
				ENABLE_PREVIEWS = YES;
				GENERATE_INFOPLIST_FILE = YES;
				INFOPLIST_KEY_UIApplicationSceneManifest_Generation = YES;
				INFOPLIST_KEY_UIApplicationSupportsIndirectInputEvents = YES;
				INFOPLIST_KEY_UILaunchScreen_Generation = YES;
				INFOPLIST_KEY_UISupportedInterfaceOrientations_iPad = "UIInterfaceOrientationPortrait UIInterfaceOrientationPortraitUpsideDown UIInterfaceOrientationLandscapeLeft UIInterfaceOrientationLandscapeRight";
				INFOPLIST_KEY_UISupportedInterfaceOrientations_iPhone = "UIInterfaceOrientationPortrait UIInterfaceOrientationLandscapeLeft UIInterfaceOrientationLandscapeRight";
				LD_RUNPATH_SEARCH_PATHS = (
					"$(inherited)",
					"@executable_path/Frameworks",
				);
				MARKETING_VERSION = 1.0;
				PRODUCT_BUNDLE_IDENTIFIER = com.shravanprasanth.Groceries;
				PRODUCT_NAME = "$(TARGET_NAME)";
				SWIFT_EMIT_LOC_STRINGS = YES;
				SWIFT_VERSION = 5.0;
				TARGETED_DEVICE_FAMILY = "1,2";
			};
			name = Debug;
		};
		DC8210CF28739A5A00EB5A97 /* Release */ = {
			isa = XCBuildConfiguration;
			buildSettings = {
				ASSETCATALOG_COMPILER_APPICON_NAME = AppIcon;
				ASSETCATALOG_COMPILER_GLOBAL_ACCENT_COLOR_NAME = AccentColor;
				CODE_SIGN_STYLE = Automatic;
				CURRENT_PROJECT_VERSION = 1;
				DEVELOPMENT_ASSET_PATHS = "\"Groceries/Preview Content\"";
				DEVELOPMENT_TEAM = 66AVQK2TF9;
				ENABLE_PREVIEWS = YES;
				GENERATE_INFOPLIST_FILE = YES;
				INFOPLIST_KEY_UIApplicationSceneManifest_Generation = YES;
				INFOPLIST_KEY_UIApplicationSupportsIndirectInputEvents = YES;
				INFOPLIST_KEY_UILaunchScreen_Generation = YES;
				INFOPLIST_KEY_UISupportedInterfaceOrientations_iPad = "UIInterfaceOrientationPortrait UIInterfaceOrientationPortraitUpsideDown UIInterfaceOrientationLandscapeLeft UIInterfaceOrientationLandscapeRight";
				INFOPLIST_KEY_UISupportedInterfaceOrientations_iPhone = "UIInterfaceOrientationPortrait UIInterfaceOrientationLandscapeLeft UIInterfaceOrientationLandscapeRight";
				LD_RUNPATH_SEARCH_PATHS = (
					"$(inherited)",
					"@executable_path/Frameworks",
				);
				MARKETING_VERSION = 1.0;
				PRODUCT_BUNDLE_IDENTIFIER = com.shravanprasanth.Groceries;
				PRODUCT_NAME = "$(TARGET_NAME)";
				SWIFT_EMIT_LOC_STRINGS = YES;
				SWIFT_VERSION = 5.0;
				TARGETED_DEVICE_FAMILY = "1,2";
			};
			name = Release;
		};
		DC8210D128739A5A00EB5A97 /* Debug */ = {
			isa = XCBuildConfiguration;
			buildSettings = {
				ALWAYS_EMBED_SWIFT_STANDARD_LIBRARIES = YES;
				BUNDLE_LOADER = "$(TEST_HOST)";
				CODE_SIGN_STYLE = Automatic;
				CURRENT_PROJECT_VERSION = 1;
				DEVELOPMENT_TEAM = 66AVQK2TF9;
				GENERATE_INFOPLIST_FILE = YES;
				IPHONEOS_DEPLOYMENT_TARGET = 15.5;
				MARKETING_VERSION = 1.0;
				PRODUCT_BUNDLE_IDENTIFIER = com.shravanprasanth.GroceriesTests;
				PRODUCT_NAME = "$(TARGET_NAME)";
				SWIFT_EMIT_LOC_STRINGS = NO;
				SWIFT_VERSION = 5.0;
				TARGETED_DEVICE_FAMILY = "1,2";
				TEST_HOST = "$(BUILT_PRODUCTS_DIR)/Groceries.app/Groceries";
			};
			name = Debug;
		};
		DC8210D228739A5A00EB5A97 /* Release */ = {
			isa = XCBuildConfiguration;
			buildSettings = {
				ALWAYS_EMBED_SWIFT_STANDARD_LIBRARIES = YES;
				BUNDLE_LOADER = "$(TEST_HOST)";
				CODE_SIGN_STYLE = Automatic;
				CURRENT_PROJECT_VERSION = 1;
				DEVELOPMENT_TEAM = 66AVQK2TF9;
				GENERATE_INFOPLIST_FILE = YES;
				IPHONEOS_DEPLOYMENT_TARGET = 15.5;
				MARKETING_VERSION = 1.0;
				PRODUCT_BUNDLE_IDENTIFIER = com.shravanprasanth.GroceriesTests;
				PRODUCT_NAME = "$(TARGET_NAME)";
				SWIFT_EMIT_LOC_STRINGS = NO;
				SWIFT_VERSION = 5.0;
				TARGETED_DEVICE_FAMILY = "1,2";
				TEST_HOST = "$(BUILT_PRODUCTS_DIR)/Groceries.app/Groceries";
			};
			name = Release;
		};
		DC8210D428739A5A00EB5A97 /* Debug */ = {
			isa = XCBuildConfiguration;
			buildSettings = {
				ALWAYS_EMBED_SWIFT_STANDARD_LIBRARIES = YES;
				CODE_SIGN_STYLE = Automatic;
				CURRENT_PROJECT_VERSION = 1;
				DEVELOPMENT_TEAM = 66AVQK2TF9;
				GENERATE_INFOPLIST_FILE = YES;
				MARKETING_VERSION = 1.0;
				PRODUCT_BUNDLE_IDENTIFIER = com.shravanprasanth.GroceriesUITests;
				PRODUCT_NAME = "$(TARGET_NAME)";
				SWIFT_EMIT_LOC_STRINGS = NO;
				SWIFT_VERSION = 5.0;
				TARGETED_DEVICE_FAMILY = "1,2";
				TEST_TARGET_NAME = Groceries;
			};
			name = Debug;
		};
		DC8210D528739A5A00EB5A97 /* Release */ = {
			isa = XCBuildConfiguration;
			buildSettings = {
				ALWAYS_EMBED_SWIFT_STANDARD_LIBRARIES = YES;
				CODE_SIGN_STYLE = Automatic;
				CURRENT_PROJECT_VERSION = 1;
				DEVELOPMENT_TEAM = 66AVQK2TF9;
				GENERATE_INFOPLIST_FILE = YES;
				MARKETING_VERSION = 1.0;
				PRODUCT_BUNDLE_IDENTIFIER = com.shravanprasanth.GroceriesUITests;
				PRODUCT_NAME = "$(TARGET_NAME)";
				SWIFT_EMIT_LOC_STRINGS = NO;
				SWIFT_VERSION = 5.0;
				TARGETED_DEVICE_FAMILY = "1,2";
				TEST_TARGET_NAME = Groceries;
			};
			name = Release;
		};
		DCA91C322876B766008F25BE /* Debug */ = {
			isa = XCBuildConfiguration;
			buildSettings = {
				ALWAYS_EMBED_SWIFT_STANDARD_LIBRARIES = YES;
				ASSETCATALOG_COMPILER_APPICON_NAME = AppIcon;
				ASSETCATALOG_COMPILER_GLOBAL_ACCENT_COLOR_NAME = AccentColor;
				CODE_SIGN_STYLE = Automatic;
				CURRENT_PROJECT_VERSION = 1;
				DEVELOPMENT_TEAM = 66AVQK2TF9;
				GENERATE_INFOPLIST_FILE = YES;
				IBSC_MODULE = WatchGroceries_WatchKit_Extension;
				INFOPLIST_KEY_CFBundleDisplayName = WatchGroceries;
				INFOPLIST_KEY_UISupportedInterfaceOrientations = "UIInterfaceOrientationPortrait UIInterfaceOrientationPortraitUpsideDown";
				INFOPLIST_KEY_WKCompanionAppBundleIdentifier = com.shravanprasanth.Groceries;
				MARKETING_VERSION = 1.0;
				PRODUCT_BUNDLE_IDENTIFIER = com.shravanprasanth.Groceries.watchkitapp;
				PRODUCT_NAME = "$(TARGET_NAME)";
				SDKROOT = watchos;
				SKIP_INSTALL = YES;
				SWIFT_EMIT_LOC_STRINGS = YES;
				SWIFT_VERSION = 5.0;
				TARGETED_DEVICE_FAMILY = 4;
				WATCHOS_DEPLOYMENT_TARGET = 8.5;
			};
			name = Debug;
		};
		DCA91C332876B766008F25BE /* Release */ = {
			isa = XCBuildConfiguration;
			buildSettings = {
				ALWAYS_EMBED_SWIFT_STANDARD_LIBRARIES = YES;
				ASSETCATALOG_COMPILER_APPICON_NAME = AppIcon;
				ASSETCATALOG_COMPILER_GLOBAL_ACCENT_COLOR_NAME = AccentColor;
				CODE_SIGN_STYLE = Automatic;
				CURRENT_PROJECT_VERSION = 1;
				DEVELOPMENT_TEAM = 66AVQK2TF9;
				GENERATE_INFOPLIST_FILE = YES;
				IBSC_MODULE = WatchGroceries_WatchKit_Extension;
				INFOPLIST_KEY_CFBundleDisplayName = WatchGroceries;
				INFOPLIST_KEY_UISupportedInterfaceOrientations = "UIInterfaceOrientationPortrait UIInterfaceOrientationPortraitUpsideDown";
				INFOPLIST_KEY_WKCompanionAppBundleIdentifier = com.shravanprasanth.Groceries;
				MARKETING_VERSION = 1.0;
				PRODUCT_BUNDLE_IDENTIFIER = com.shravanprasanth.Groceries.watchkitapp;
				PRODUCT_NAME = "$(TARGET_NAME)";
				SDKROOT = watchos;
				SKIP_INSTALL = YES;
				SWIFT_EMIT_LOC_STRINGS = YES;
				SWIFT_VERSION = 5.0;
				TARGETED_DEVICE_FAMILY = 4;
				WATCHOS_DEPLOYMENT_TARGET = 8.5;
			};
			name = Release;
		};
		DCA91C352876B766008F25BE /* Debug */ = {
			isa = XCBuildConfiguration;
			buildSettings = {
				ASSETCATALOG_COMPILER_COMPLICATION_NAME = Complication;
				CODE_SIGN_STYLE = Automatic;
				CURRENT_PROJECT_VERSION = 1;
				DEVELOPMENT_ASSET_PATHS = "\"WatchGroceries WatchKit Extension/Preview Content\"";
				DEVELOPMENT_TEAM = 66AVQK2TF9;
				ENABLE_PREVIEWS = YES;
				GENERATE_INFOPLIST_FILE = YES;
				INFOPLIST_FILE = "WatchGroceries WatchKit Extension/Info.plist";
				INFOPLIST_KEY_CFBundleDisplayName = "WatchGroceries WatchKit Extension";
				INFOPLIST_KEY_CLKComplicationPrincipalClass = "$(PRODUCT_MODULE_NAME).ComplicationController";
				INFOPLIST_KEY_NSHumanReadableCopyright = "";
				LD_RUNPATH_SEARCH_PATHS = (
					"$(inherited)",
					"@executable_path/Frameworks",
					"@executable_path/../../Frameworks",
				);
				MARKETING_VERSION = 1.0;
				PRODUCT_BUNDLE_IDENTIFIER = com.shravanprasanth.Groceries.watchkitapp.watchkitextension;
				PRODUCT_NAME = "${TARGET_NAME}";
				SDKROOT = watchos;
				SKIP_INSTALL = YES;
				SWIFT_EMIT_LOC_STRINGS = YES;
				SWIFT_VERSION = 5.0;
				TARGETED_DEVICE_FAMILY = 4;
				WATCHOS_DEPLOYMENT_TARGET = 8.5;
			};
			name = Debug;
		};
		DCA91C362876B766008F25BE /* Release */ = {
			isa = XCBuildConfiguration;
			buildSettings = {
				ASSETCATALOG_COMPILER_COMPLICATION_NAME = Complication;
				CODE_SIGN_STYLE = Automatic;
				CURRENT_PROJECT_VERSION = 1;
				DEVELOPMENT_ASSET_PATHS = "\"WatchGroceries WatchKit Extension/Preview Content\"";
				DEVELOPMENT_TEAM = 66AVQK2TF9;
				ENABLE_PREVIEWS = YES;
				GENERATE_INFOPLIST_FILE = YES;
				INFOPLIST_FILE = "WatchGroceries WatchKit Extension/Info.plist";
				INFOPLIST_KEY_CFBundleDisplayName = "WatchGroceries WatchKit Extension";
				INFOPLIST_KEY_CLKComplicationPrincipalClass = "$(PRODUCT_MODULE_NAME).ComplicationController";
				INFOPLIST_KEY_NSHumanReadableCopyright = "";
				LD_RUNPATH_SEARCH_PATHS = (
					"$(inherited)",
					"@executable_path/Frameworks",
					"@executable_path/../../Frameworks",
				);
				MARKETING_VERSION = 1.0;
				PRODUCT_BUNDLE_IDENTIFIER = com.shravanprasanth.Groceries.watchkitapp.watchkitextension;
				PRODUCT_NAME = "${TARGET_NAME}";
				SDKROOT = watchos;
				SKIP_INSTALL = YES;
				SWIFT_EMIT_LOC_STRINGS = YES;
				SWIFT_VERSION = 5.0;
				TARGETED_DEVICE_FAMILY = 4;
				WATCHOS_DEPLOYMENT_TARGET = 8.5;
			};
			name = Release;
		};
/* End XCBuildConfiguration section */

/* Begin XCConfigurationList section */
		DC8210A428739A5500EB5A97 /* Build configuration list for PBXProject "Groceries" */ = {
			isa = XCConfigurationList;
			buildConfigurations = (
				DC8210CB28739A5A00EB5A97 /* Debug */,
				DC8210CC28739A5A00EB5A97 /* Release */,
			);
			defaultConfigurationIsVisible = 0;
			defaultConfigurationName = Release;
		};
		DC8210CD28739A5A00EB5A97 /* Build configuration list for PBXNativeTarget "Groceries" */ = {
			isa = XCConfigurationList;
			buildConfigurations = (
				DC8210CE28739A5A00EB5A97 /* Debug */,
				DC8210CF28739A5A00EB5A97 /* Release */,
			);
			defaultConfigurationIsVisible = 0;
			defaultConfigurationName = Release;
		};
		DC8210D028739A5A00EB5A97 /* Build configuration list for PBXNativeTarget "GroceriesTests" */ = {
			isa = XCConfigurationList;
			buildConfigurations = (
				DC8210D128739A5A00EB5A97 /* Debug */,
				DC8210D228739A5A00EB5A97 /* Release */,
			);
			defaultConfigurationIsVisible = 0;
			defaultConfigurationName = Release;
		};
		DC8210D328739A5A00EB5A97 /* Build configuration list for PBXNativeTarget "GroceriesUITests" */ = {
			isa = XCConfigurationList;
			buildConfigurations = (
				DC8210D428739A5A00EB5A97 /* Debug */,
				DC8210D528739A5A00EB5A97 /* Release */,
			);
			defaultConfigurationIsVisible = 0;
			defaultConfigurationName = Release;
		};
		DCA91C372876B766008F25BE /* Build configuration list for PBXNativeTarget "WatchGroceries WatchKit Extension" */ = {
			isa = XCConfigurationList;
			buildConfigurations = (
				DCA91C352876B766008F25BE /* Debug */,
				DCA91C362876B766008F25BE /* Release */,
			);
			defaultConfigurationIsVisible = 0;
			defaultConfigurationName = Release;
		};
		DCA91C382876B766008F25BE /* Build configuration list for PBXNativeTarget "WatchGroceries" */ = {
			isa = XCConfigurationList;
			buildConfigurations = (
				DCA91C322876B766008F25BE /* Debug */,
				DCA91C332876B766008F25BE /* Release */,
			);
			defaultConfigurationIsVisible = 0;
			defaultConfigurationName = Release;
		};
/* End XCConfigurationList section */

/* Begin XCRemoteSwiftPackageReference section */
		DC51E270287604FA00C1800D /* XCRemoteSwiftPackageReference "SwiftUI-Introspect" */ = {
			isa = XCRemoteSwiftPackageReference;
			repositoryURL = "https://github.com/siteline/SwiftUI-Introspect.git";
			requirement = {
				kind = upToNextMajorVersion;
				minimumVersion = 0.1.4;
			};
		};
		DC8210DA28739DBA00EB5A97 /* XCRemoteSwiftPackageReference "firebase-ios-sdk" */ = {
			isa = XCRemoteSwiftPackageReference;
			repositoryURL = "https://github.com/firebase/firebase-ios-sdk";
			requirement = {
				kind = upToNextMajorVersion;
				minimumVersion = 9.0.0;
			};
		};
		DCA91C392876B7D5008F25BE /* XCRemoteSwiftPackageReference "firebase-ios-sdk" */ = {
			isa = XCRemoteSwiftPackageReference;
			repositoryURL = "https://github.com/firebase/firebase-ios-sdk";
			requirement = {
				kind = upToNextMajorVersion;
				minimumVersion = 9.0.0;
			};
		};
/* End XCRemoteSwiftPackageReference section */

/* Begin XCSwiftPackageProductDependency section */
		DC51E271287604FA00C1800D /* Introspect */ = {
			isa = XCSwiftPackageProductDependency;
			package = DC51E270287604FA00C1800D /* XCRemoteSwiftPackageReference "SwiftUI-Introspect" */;
			productName = Introspect;
		};
		DC8210DB28739DBA00EB5A97 /* FirebaseAuth */ = {
			isa = XCSwiftPackageProductDependency;
			package = DC8210DA28739DBA00EB5A97 /* XCRemoteSwiftPackageReference "firebase-ios-sdk" */;
			productName = FirebaseAuth;
		};
		DC8210DD28739DBA00EB5A97 /* FirebaseDatabase */ = {
			isa = XCSwiftPackageProductDependency;
			package = DC8210DA28739DBA00EB5A97 /* XCRemoteSwiftPackageReference "firebase-ios-sdk" */;
			productName = FirebaseDatabase;
		};
		DC8210DF28739DBA00EB5A97 /* FirebaseDatabaseSwift */ = {
			isa = XCSwiftPackageProductDependency;
			package = DC8210DA28739DBA00EB5A97 /* XCRemoteSwiftPackageReference "firebase-ios-sdk" */;
			productName = FirebaseDatabaseSwift;
		};
		DC8210E128739DBA00EB5A97 /* FirebaseFirestore */ = {
			isa = XCSwiftPackageProductDependency;
			package = DC8210DA28739DBA00EB5A97 /* XCRemoteSwiftPackageReference "firebase-ios-sdk" */;
			productName = FirebaseFirestore;
		};
		DC8210E328739DBA00EB5A97 /* FirebaseFirestoreCombine-Community */ = {
			isa = XCSwiftPackageProductDependency;
			package = DC8210DA28739DBA00EB5A97 /* XCRemoteSwiftPackageReference "firebase-ios-sdk" */;
			productName = "FirebaseFirestoreCombine-Community";
		};
		DC8210E528739DBA00EB5A97 /* FirebaseFirestoreSwift */ = {
			isa = XCSwiftPackageProductDependency;
			package = DC8210DA28739DBA00EB5A97 /* XCRemoteSwiftPackageReference "firebase-ios-sdk" */;
			productName = FirebaseFirestoreSwift;
		};
		DCA91C3A2876B7D5008F25BE /* FirebaseAuth */ = {
			isa = XCSwiftPackageProductDependency;
			package = DC8210DA28739DBA00EB5A97 /* XCRemoteSwiftPackageReference "firebase-ios-sdk" */;
			productName = FirebaseAuth;
		};
		DCA91C3C2876B7D5008F25BE /* FirebaseDatabase */ = {
			isa = XCSwiftPackageProductDependency;
			package = DC8210DA28739DBA00EB5A97 /* XCRemoteSwiftPackageReference "firebase-ios-sdk" */;
			productName = FirebaseDatabase;
		};
		DCA91C3E2876B7D5008F25BE /* FirebaseDatabaseSwift */ = {
			isa = XCSwiftPackageProductDependency;
			package = DC8210DA28739DBA00EB5A97 /* XCRemoteSwiftPackageReference "firebase-ios-sdk" */;
			productName = FirebaseDatabaseSwift;
		};
		DCA91C412876B83F008F25BE /* FirebaseAuth */ = {
			isa = XCSwiftPackageProductDependency;
			package = DCA91C392876B7D5008F25BE /* XCRemoteSwiftPackageReference "firebase-ios-sdk" */;
			productName = FirebaseAuth;
		};
		DCA91C432876B843008F25BE /* FirebaseDatabase */ = {
			isa = XCSwiftPackageProductDependency;
			package = DC8210DA28739DBA00EB5A97 /* XCRemoteSwiftPackageReference "firebase-ios-sdk" */;
			productName = FirebaseDatabase;
		};
		DCA91C452876B846008F25BE /* FirebaseDatabaseSwift */ = {
			isa = XCSwiftPackageProductDependency;
			package = DC8210DA28739DBA00EB5A97 /* XCRemoteSwiftPackageReference "firebase-ios-sdk" */;
			productName = FirebaseDatabaseSwift;
		};
/* End XCSwiftPackageProductDependency section */
	};
	rootObject = DC8210A128739A5500EB5A97 /* Project object */;
}
